{
  "name": "ts",
  "lockfileVersion": 2,
  "requires": true,
  "packages": {
    "": {
      "dependencies": {
        "@types/jquery": "^3.5.16",
        "codeial-cn": "file:../.."
      }
    },
    "../..": {
      "version": "1.0.0",
      "license": "ISC",
      "dependencies": {
        "body-parser": "^1.20.2",
        "connect-flash": "^0.1.1",
        "cookie-parser": "^1.4.6",
        "dotenv": "^16.3.1",
        "ejs": "^3.1.9",
        "express": "^4.18.2",
        "express-ejs-layouts": "^2.5.1",
        "express-session": "^1.17.3",
        "mongoose": "^7.4.2",
        "passport": "^0.6.0",
        "passport-local": "^1.0.0",
        "zod": "^3.21.4"
      },
      "devDependencies": {
        "@types/connect-flash": "^0.0.37",
        "@types/cookie-parser": "^1.4.3",
        "@types/express": "^4.17.17",
        "@types/express-ejs-layouts": "^2.5.1",
        "@types/express-session": "^1.17.7",
        "@types/node": "^20.4.7",
        "@types/passport": "^1.0.12",
        "@types/passport-local": "^1.0.35",
        "concurrently": "^8.2.0",
        "copyfiles": "^2.4.1",
        "nodemon": "^3.0.1",
        "sass": "^1.65.1",
        "ts-node": "^10.9.1",
        "tsc-alias": "^1.8.7",
        "tsconfig-paths": "^4.2.0",
        "typescript": "^5.1.6"
      }
    },
    "node_modules/@types/jquery": {
      "version": "3.5.16",
      "resolved": "https://registry.npmjs.org/@types/jquery/-/jquery-3.5.16.tgz",
      "integrity": "sha512-bsI7y4ZgeMkmpG9OM710RRzDFp+w4P1RGiIt30C1mSBT+ExCleeh4HObwgArnDFELmRrOpXgSYN9VF1hj+f1lw==",
      "dependencies": {
        "@types/sizzle": "*"
      }
    },
    "node_modules/@types/sizzle": {
      "version": "2.3.3",
      "resolved": "https://registry.npmjs.org/@types/sizzle/-/sizzle-2.3.3.tgz",
      "integrity": "sha512-JYM8x9EGF163bEyhdJBpR2QX1R5naCJHC8ucJylJ3w9/CVBaskdQ8WqBf8MmQrd1kRvp/a4TS8HJ+bxzR7ZJYQ=="
    },
    "node_modules/codeial-cn": {
      "resolved": "../..",
      "link": true
    }
  },
  "dependencies": {
    "@types/jquery": {
      "version": "3.5.16",
      "resolved": "https://registry.npmjs.org/@types/jquery/-/jquery-3.5.16.tgz",
      "integrity": "sha512-bsI7y4ZgeMkmpG9OM710RRzDFp+w4P1RGiIt30C1mSBT+ExCleeh4HObwgArnDFELmRrOpXgSYN9VF1hj+f1lw==",
      "requires": {
        "@types/sizzle": "*"
      }
    },
    "@types/sizzle": {
      "version": "2.3.3",
      "resolved": "https://registry.npmjs.org/@types/sizzle/-/sizzle-2.3.3.tgz",
      "integrity": "sha512-JYM8x9EGF163bEyhdJBpR2QX1R5naCJHC8ucJylJ3w9/CVBaskdQ8WqBf8MmQrd1kRvp/a4TS8HJ+bxzR7ZJYQ=="
    },
    "codeial-cn": {
      "version": "file:../..",
      "requires": {
        "@types/connect-flash": "^0.0.37",
        "@types/cookie-parser": "^1.4.3",
        "@types/express": "^4.17.17",
        "@types/express-ejs-layouts": "^2.5.1",
        "@types/express-session": "^1.17.7",
        "@types/node": "^20.4.7",
        "@types/passport": "^1.0.12",
        "@types/passport-local": "^1.0.35",
        "body-parser": "^1.20.2",
        "concurrently": "^8.2.0",
        "connect-flash": "^0.1.1",
        "cookie-parser": "^1.4.6",
        "copyfiles": "^2.4.1",
        "dotenv": "^16.3.1",
        "ejs": "^3.1.9",
        "express": "^4.18.2",
        "express-ejs-layouts": "^2.5.1",
        "express-session": "^1.17.3",
        "mongoose": "^7.4.2",
        "nodemon": "^3.0.1",
        "passport": "^0.6.0",
        "passport-local": "^1.0.0",
        "sass": "^1.65.1",
        "ts-node": "^10.9.1",
        "tsc-alias": "^1.8.7",
        "tsconfig-paths": "^4.2.0",
        "typescript": "^5.1.6",
        "zod": "^3.21.4"
      }
    }
  }
}
